
Microsoft Visual Studio Solution File, Format Version 12.00
# Visual Studio Version 16
VisualStudioVersion = 16.0.30114.105
MinimumVisualStudioVersion = 10.0.40219.1
Project("{FAE04EC0-301F-11D3-BF4B-00C04F79EFBC}") = "DungeonsAndDragons.Database", "DungeonsAndDragons.Database\DungeonsAndDragons.Database.csproj", "{D3CED849-1A7E-4FC9-9035-6BA6794B1765}"
EndProject
Project("{FAE04EC0-301F-11D3-BF4B-00C04F79EFBC}") = "DungeonsAndDragons.Server", "DungeonsAndDragons.Server\DungeonsAndDragons.Server.csproj", "{9BF322A2-70D4-437E-B49D-516E813B1DA1}"
EndProject
Project("{FAE04EC0-301F-11D3-BF4B-00C04F79EFBC}") = "DungeonsAndDragons.Web", "DungeonsAndDragons.Web\DungeonsAndDragons.Web.csproj", "{FA44C4BB-537C-4ED8-95FC-FDCB048958F3}"
EndProject
Project("{FAE04EC0-301F-11D3-BF4B-00C04F79EFBC}") = "DungeonsAndDragons.Game", "DungeonsAndDragons.Game\DungeonsAndDragons.Game.csproj", "{EE9C10D5-75BE-4C06-96D6-22D2722BFF02}"
EndProject
Global
	GlobalSection(SolutionConfigurationPlatforms) = preSolution
		Debug|Any CPU = Debug|Any CPU
		Release|Any CPU = Release|Any CPU
	EndGlobalSection
	GlobalSection(SolutionProperties) = preSolution
		HideSolutionNode = FALSE
	EndGlobalSection
	GlobalSection(ProjectConfigurationPlatforms) = postSolution
		{D3CED849-1A7E-4FC9-9035-6BA6794B1765}.Debug|Any CPU.ActiveCfg = Debug|Any CPU
		{D3CED849-1A7E-4FC9-9035-6BA6794B1765}.Debug|Any CPU.Build.0 = Debug|Any CPU
		{D3CED849-1A7E-4FC9-9035-6BA6794B1765}.Release|Any CPU.ActiveCfg = Release|Any CPU
		{D3CED849-1A7E-4FC9-9035-6BA6794B1765}.Release|Any CPU.Build.0 = Release|Any CPU
		{9BF322A2-70D4-437E-B49D-516E813B1DA1}.Debug|Any CPU.ActiveCfg = Debug|Any CPU
		{9BF322A2-70D4-437E-B49D-516E813B1DA1}.Debug|Any CPU.Build.0 = Debug|Any CPU
		{9BF322A2-70D4-437E-B49D-516E813B1DA1}.Release|Any CPU.ActiveCfg = Release|Any CPU
		{9BF322A2-70D4-437E-B49D-516E813B1DA1}.Release|Any CPU.Build.0 = Release|Any CPU
		{FA44C4BB-537C-4ED8-95FC-FDCB048958F3}.Debug|Any CPU.ActiveCfg = Debug|Any CPU
		{FA44C4BB-537C-4ED8-95FC-FDCB048958F3}.Debug|Any CPU.Build.0 = Debug|Any CPU
		{FA44C4BB-537C-4ED8-95FC-FDCB048958F3}.Release|Any CPU.ActiveCfg = Release|Any CPU
		{FA44C4BB-537C-4ED8-95FC-FDCB048958F3}.Release|Any CPU.Build.0 = Release|Any CPU
		{EE9C10D5-75BE-4C06-96D6-22D2722BFF02}.Debug|Any CPU.ActiveCfg = Debug|Any CPU
		{EE9C10D5-75BE-4C06-96D6-22D2722BFF02}.Debug|Any CPU.Build.0 = Debug|Any CPU
		{EE9C10D5-75BE-4C06-96D6-22D2722BFF02}.Release|Any CPU.ActiveCfg = Release|Any CPU
		{EE9C10D5-75BE-4C06-96D6-22D2722BFF02}.Release|Any CPU.Build.0 = Release|Any CPU
	EndGlobalSection
EndGlobal
