
Microsoft Visual Studio Solution File, Format Version 12.00
#
Project("{2150E333-8FDC-42A3-9474-1A3956D46DE8}") = "src", "src", "{7883ACAA-F04F-45E0-90F4-D5BDF63FD7FD}"
EndProject
Project("{FAE04EC0-301F-11D3-BF4B-00C04F79EFBC}") = "HW1", "src\HW1\HW1.csproj", "{7E5AA1B4-0075-42A4-A55F-451D542AC8D7}"
EndProject
Project("{2150E333-8FDC-42A3-9474-1A3956D46DE8}") = "tests", "tests", "{18577ED1-E2B4-4E9D-B582-C596F5AFE9B6}"
EndProject
Project("{FAE04EC0-301F-11D3-BF4B-00C04F79EFBC}") = "HW1.Tests", "tests\HW1.Tests\HW1.Tests.csproj", "{DCB26922-E3B4-4411-B97A-6677AB931630}"
EndProject
Project("{FAE04EC0-301F-11D3-BF4B-00C04F79EFBC}") = "HW2", "src\HW2\HW2.ilproj", "{5AEC9028-783F-49E7-BF52-70E164788ECD}"
EndProject
Project("{F2A71F9B-5D33-465A-A702-920D77279786}") = "HW3", "src\HW3\HW3.fsproj", "{02D1FB94-F965-46B1-A889-D7F50A89E282}"
EndProject
Project("{F2A71F9B-5D33-465A-A702-920D77279786}") = "HW3.Tests", "tests\HW3.Tests\HW3.Tests.fsproj", "{B8E04FC4-BD37-495C-8831-E58320E03980}"
EndProject
Project("{2150E333-8FDC-42A3-9474-1A3956D46DE8}") = "HW6", "HW6", "{4D057407-1125-4251-8CFD-AF9CF3DF1C10}"
EndProject
Project("{F2A71F9B-5D33-465A-A702-920D77279786}") = "WebApplication", "src\HW6\WebApplication\WebApplication.fsproj", "{FCF2F4AC-B42E-40AC-9E04-9565395931E9}"
EndProject
Project("{F2A71F9B-5D33-465A-A702-920D77279786}") = "Giraffe", "src\HW6\Giraffe\Giraffe.fsproj", "{0AFD2DB5-E050-4ACD-82B7-136BB704460F}"
EndProject
Project("{FAE04EC0-301F-11D3-BF4B-00C04F79EFBC}") = "ClientC", "src\HW6\ClientC\ClientC.csproj", "{53087B36-86BB-48BA-B208-82C7C81D02F1}"
EndProject
Project("{F2A71F9B-5D33-465A-A702-920D77279786}") = "ClientF", "src\HW6\ClientF\ClientF.fsproj", "{78D4E374-C9DA-4D22-9BE0-2422CE6336F6}"
EndProject
Project("{FAE04EC0-301F-11D3-BF4B-00C04F79EFBC}") = "HW6.Tests", "tests\HW6.Tests\HW6.Tests.csproj", "{6CFECF71-2582-40BD-82FB-B93A11934C76}"
EndProject
Project("{F2A71F9B-5D33-465A-A702-920D77279786}") = "HW5", "src\HW5\HW5.fsproj", "{2CC2460D-F060-4A71-84BC-27F7AF850B41}"
EndProject
Project("{F2A71F9B-5D33-465A-A702-920D77279786}") = "HW5.Tests", "tests\HW5.Tests\HW5.Tests.fsproj", "{2A0E9526-A8A5-4440-81B0-5657D80ECE44}"
EndProject
Project("{FAE04EC0-301F-11D3-BF4B-00C04F79EFBC}") = "HW7", "src\HW7\HW7.csproj", "{09809087-A398-493D-9096-3C2A5F9E9C00}"
EndProject
Project("{FAE04EC0-301F-11D3-BF4B-00C04F79EFBC}") = "HW7.Tests", "tests\HW7.Tests\HW7.Tests.csproj", "{6F760E90-59AF-48CB-A7C5-593E2A48DEEF}"
EndProject
Project("{FAE04EC0-301F-11D3-BF4B-00C04F79EFBC}") = "HW8", "src\HW8\HW8.csproj", "{25958C46-5E40-4DFD-85F7-4FF21BC13772}"
EndProject
Project("{FAE04EC0-301F-11D3-BF4B-00C04F79EFBC}") = "HW8.Tests", "tests\HW8.Tests\HW8.Tests.csproj", "{F1BF3CA0-6091-485E-B888-F72C859B26D4}"
EndProject
Global
	GlobalSection(SolutionConfigurationPlatforms) = preSolution
		Debug|Any CPU = Debug|Any CPU
		Release|Any CPU = Release|Any CPU
	EndGlobalSection
	GlobalSection(ProjectConfigurationPlatforms) = postSolution
		{7E5AA1B4-0075-42A4-A55F-451D542AC8D7}.Debug|Any CPU.ActiveCfg = Debug|Any CPU
		{7E5AA1B4-0075-42A4-A55F-451D542AC8D7}.Debug|Any CPU.Build.0 = Debug|Any CPU
		{7E5AA1B4-0075-42A4-A55F-451D542AC8D7}.Release|Any CPU.ActiveCfg = Release|Any CPU
		{7E5AA1B4-0075-42A4-A55F-451D542AC8D7}.Release|Any CPU.Build.0 = Release|Any CPU
		{DCB26922-E3B4-4411-B97A-6677AB931630}.Debug|Any CPU.ActiveCfg = Debug|Any CPU
		{DCB26922-E3B4-4411-B97A-6677AB931630}.Debug|Any CPU.Build.0 = Debug|Any CPU
		{DCB26922-E3B4-4411-B97A-6677AB931630}.Release|Any CPU.ActiveCfg = Release|Any CPU
		{DCB26922-E3B4-4411-B97A-6677AB931630}.Release|Any CPU.Build.0 = Release|Any CPU
		{5AEC9028-783F-49E7-BF52-70E164788ECD}.Debug|Any CPU.ActiveCfg = Debug|Any CPU
		{5AEC9028-783F-49E7-BF52-70E164788ECD}.Debug|Any CPU.Build.0 = Debug|Any CPU
		{5AEC9028-783F-49E7-BF52-70E164788ECD}.Release|Any CPU.ActiveCfg = Release|Any CPU
		{5AEC9028-783F-49E7-BF52-70E164788ECD}.Release|Any CPU.Build.0 = Release|Any CPU
		{02D1FB94-F965-46B1-A889-D7F50A89E282}.Debug|Any CPU.ActiveCfg = Debug|Any CPU
		{02D1FB94-F965-46B1-A889-D7F50A89E282}.Debug|Any CPU.Build.0 = Debug|Any CPU
		{02D1FB94-F965-46B1-A889-D7F50A89E282}.Release|Any CPU.ActiveCfg = Release|Any CPU
		{02D1FB94-F965-46B1-A889-D7F50A89E282}.Release|Any CPU.Build.0 = Release|Any CPU
		{B8E04FC4-BD37-495C-8831-E58320E03980}.Debug|Any CPU.ActiveCfg = Debug|Any CPU
		{B8E04FC4-BD37-495C-8831-E58320E03980}.Debug|Any CPU.Build.0 = Debug|Any CPU
		{B8E04FC4-BD37-495C-8831-E58320E03980}.Release|Any CPU.ActiveCfg = Release|Any CPU
		{B8E04FC4-BD37-495C-8831-E58320E03980}.Release|Any CPU.Build.0 = Release|Any CPU
		{FCF2F4AC-B42E-40AC-9E04-9565395931E9}.Debug|Any CPU.ActiveCfg = Debug|Any CPU
		{FCF2F4AC-B42E-40AC-9E04-9565395931E9}.Debug|Any CPU.Build.0 = Debug|Any CPU
		{FCF2F4AC-B42E-40AC-9E04-9565395931E9}.Release|Any CPU.ActiveCfg = Release|Any CPU
		{FCF2F4AC-B42E-40AC-9E04-9565395931E9}.Release|Any CPU.Build.0 = Release|Any CPU
		{0AFD2DB5-E050-4ACD-82B7-136BB704460F}.Debug|Any CPU.ActiveCfg = Debug|Any CPU
		{0AFD2DB5-E050-4ACD-82B7-136BB704460F}.Debug|Any CPU.Build.0 = Debug|Any CPU
		{0AFD2DB5-E050-4ACD-82B7-136BB704460F}.Release|Any CPU.ActiveCfg = Release|Any CPU
		{0AFD2DB5-E050-4ACD-82B7-136BB704460F}.Release|Any CPU.Build.0 = Release|Any CPU
		{53087B36-86BB-48BA-B208-82C7C81D02F1}.Debug|Any CPU.ActiveCfg = Debug|Any CPU
		{53087B36-86BB-48BA-B208-82C7C81D02F1}.Debug|Any CPU.Build.0 = Debug|Any CPU
		{53087B36-86BB-48BA-B208-82C7C81D02F1}.Release|Any CPU.ActiveCfg = Release|Any CPU
		{53087B36-86BB-48BA-B208-82C7C81D02F1}.Release|Any CPU.Build.0 = Release|Any CPU
		{78D4E374-C9DA-4D22-9BE0-2422CE6336F6}.Debug|Any CPU.ActiveCfg = Debug|Any CPU
		{78D4E374-C9DA-4D22-9BE0-2422CE6336F6}.Debug|Any CPU.Build.0 = Debug|Any CPU
		{78D4E374-C9DA-4D22-9BE0-2422CE6336F6}.Release|Any CPU.ActiveCfg = Release|Any CPU
		{78D4E374-C9DA-4D22-9BE0-2422CE6336F6}.Release|Any CPU.Build.0 = Release|Any CPU
		{6CFECF71-2582-40BD-82FB-B93A11934C76}.Debug|Any CPU.ActiveCfg = Debug|Any CPU
		{6CFECF71-2582-40BD-82FB-B93A11934C76}.Debug|Any CPU.Build.0 = Debug|Any CPU
		{6CFECF71-2582-40BD-82FB-B93A11934C76}.Release|Any CPU.ActiveCfg = Release|Any CPU
		{6CFECF71-2582-40BD-82FB-B93A11934C76}.Release|Any CPU.Build.0 = Release|Any CPU
		{2CC2460D-F060-4A71-84BC-27F7AF850B41}.Debug|Any CPU.ActiveCfg = Debug|Any CPU
		{2CC2460D-F060-4A71-84BC-27F7AF850B41}.Debug|Any CPU.Build.0 = Debug|Any CPU
		{2CC2460D-F060-4A71-84BC-27F7AF850B41}.Release|Any CPU.ActiveCfg = Release|Any CPU
		{2CC2460D-F060-4A71-84BC-27F7AF850B41}.Release|Any CPU.Build.0 = Release|Any CPU
		{2A0E9526-A8A5-4440-81B0-5657D80ECE44}.Debug|Any CPU.ActiveCfg = Debug|Any CPU
		{2A0E9526-A8A5-4440-81B0-5657D80ECE44}.Debug|Any CPU.Build.0 = Debug|Any CPU
		{2A0E9526-A8A5-4440-81B0-5657D80ECE44}.Release|Any CPU.ActiveCfg = Release|Any CPU
		{2A0E9526-A8A5-4440-81B0-5657D80ECE44}.Release|Any CPU.Build.0 = Release|Any CPU
		{09809087-A398-493D-9096-3C2A5F9E9C00}.Debug|Any CPU.ActiveCfg = Debug|Any CPU
		{09809087-A398-493D-9096-3C2A5F9E9C00}.Debug|Any CPU.Build.0 = Debug|Any CPU
		{09809087-A398-493D-9096-3C2A5F9E9C00}.Release|Any CPU.ActiveCfg = Release|Any CPU
		{09809087-A398-493D-9096-3C2A5F9E9C00}.Release|Any CPU.Build.0 = Release|Any CPU
		{6F760E90-59AF-48CB-A7C5-593E2A48DEEF}.Debug|Any CPU.ActiveCfg = Debug|Any CPU
		{6F760E90-59AF-48CB-A7C5-593E2A48DEEF}.Debug|Any CPU.Build.0 = Debug|Any CPU
		{6F760E90-59AF-48CB-A7C5-593E2A48DEEF}.Release|Any CPU.ActiveCfg = Release|Any CPU
		{6F760E90-59AF-48CB-A7C5-593E2A48DEEF}.Release|Any CPU.Build.0 = Release|Any CPU
		{25958C46-5E40-4DFD-85F7-4FF21BC13772}.Debug|Any CPU.ActiveCfg = Debug|Any CPU
		{25958C46-5E40-4DFD-85F7-4FF21BC13772}.Debug|Any CPU.Build.0 = Debug|Any CPU
		{25958C46-5E40-4DFD-85F7-4FF21BC13772}.Release|Any CPU.ActiveCfg = Release|Any CPU
		{25958C46-5E40-4DFD-85F7-4FF21BC13772}.Release|Any CPU.Build.0 = Release|Any CPU
		{F1BF3CA0-6091-485E-B888-F72C859B26D4}.Debug|Any CPU.ActiveCfg = Debug|Any CPU
		{F1BF3CA0-6091-485E-B888-F72C859B26D4}.Debug|Any CPU.Build.0 = Debug|Any CPU
		{F1BF3CA0-6091-485E-B888-F72C859B26D4}.Release|Any CPU.ActiveCfg = Release|Any CPU
		{F1BF3CA0-6091-485E-B888-F72C859B26D4}.Release|Any CPU.Build.0 = Release|Any CPU
	EndGlobalSection
	GlobalSection(NestedProjects) = preSolution
		{7E5AA1B4-0075-42A4-A55F-451D542AC8D7} = {7883ACAA-F04F-45E0-90F4-D5BDF63FD7FD}
		{DCB26922-E3B4-4411-B97A-6677AB931630} = {18577ED1-E2B4-4E9D-B582-C596F5AFE9B6}
		{5AEC9028-783F-49E7-BF52-70E164788ECD} = {7883ACAA-F04F-45E0-90F4-D5BDF63FD7FD}
		{02D1FB94-F965-46B1-A889-D7F50A89E282} = {7883ACAA-F04F-45E0-90F4-D5BDF63FD7FD}
		{B8E04FC4-BD37-495C-8831-E58320E03980} = {18577ED1-E2B4-4E9D-B582-C596F5AFE9B6}
		{4D057407-1125-4251-8CFD-AF9CF3DF1C10} = {7883ACAA-F04F-45E0-90F4-D5BDF63FD7FD}
		{FCF2F4AC-B42E-40AC-9E04-9565395931E9} = {4D057407-1125-4251-8CFD-AF9CF3DF1C10}
		{0AFD2DB5-E050-4ACD-82B7-136BB704460F} = {4D057407-1125-4251-8CFD-AF9CF3DF1C10}
		{53087B36-86BB-48BA-B208-82C7C81D02F1} = {4D057407-1125-4251-8CFD-AF9CF3DF1C10}
		{78D4E374-C9DA-4D22-9BE0-2422CE6336F6} = {4D057407-1125-4251-8CFD-AF9CF3DF1C10}
		{6CFECF71-2582-40BD-82FB-B93A11934C76} = {18577ED1-E2B4-4E9D-B582-C596F5AFE9B6}
		{2CC2460D-F060-4A71-84BC-27F7AF850B41} = {7883ACAA-F04F-45E0-90F4-D5BDF63FD7FD}
		{2A0E9526-A8A5-4440-81B0-5657D80ECE44} = {18577ED1-E2B4-4E9D-B582-C596F5AFE9B6}
		{09809087-A398-493D-9096-3C2A5F9E9C00} = {7883ACAA-F04F-45E0-90F4-D5BDF63FD7FD}
		{6F760E90-59AF-48CB-A7C5-593E2A48DEEF} = {18577ED1-E2B4-4E9D-B582-C596F5AFE9B6}
		{25958C46-5E40-4DFD-85F7-4FF21BC13772} = {7883ACAA-F04F-45E0-90F4-D5BDF63FD7FD}
		{F1BF3CA0-6091-485E-B888-F72C859B26D4} = {18577ED1-E2B4-4E9D-B582-C596F5AFE9B6}
	EndGlobalSection
EndGlobal