
Microsoft Visual Studio Solution File, Format Version 12.00
#
Project("{2150E333-8FDC-42A3-9474-1A3956D46DE8}") = "src", "src", "{7883ACAA-F04F-45E0-90F4-D5BDF63FD7FD}"
EndProject
Project("{FAE04EC0-301F-11D3-BF4B-00C04F79EFBC}") = "HW1", "src\HW1\HW1.csproj", "{7E5AA1B4-0075-42A4-A55F-451D542AC8D7}"
EndProject
Project("{2150E333-8FDC-42A3-9474-1A3956D46DE8}") = "tests", "tests", "{18577ED1-E2B4-4E9D-B582-C596F5AFE9B6}"
EndProject
Project("{FAE04EC0-301F-11D3-BF4B-00C04F79EFBC}") = "HW1.Tests", "tests\HW1.Tests\HW1.Tests.csproj", "{DCB26922-E3B4-4411-B97A-6677AB931630}"
EndProject
Project("{FAE04EC0-301F-11D3-BF4B-00C04F79EFBC}") = "HW2", "src\HW2\HW2.ilproj", "{5AEC9028-783F-49E7-BF52-70E164788ECD}"
EndProject
Project("{FAE04EC0-301F-11D3-BF4B-00C04F79EFBC}") = "HW7", "src\HW7\HW7.csproj", "{09809087-A398-493D-9096-3C2A5F9E9C00}"
EndProject
Global
	GlobalSection(SolutionConfigurationPlatforms) = preSolution
		Debug|Any CPU = Debug|Any CPU
		Release|Any CPU = Release|Any CPU
	EndGlobalSection
	GlobalSection(ProjectConfigurationPlatforms) = postSolution
		{7E5AA1B4-0075-42A4-A55F-451D542AC8D7}.Debug|Any CPU.ActiveCfg = Debug|Any CPU
		{7E5AA1B4-0075-42A4-A55F-451D542AC8D7}.Debug|Any CPU.Build.0 = Debug|Any CPU
		{7E5AA1B4-0075-42A4-A55F-451D542AC8D7}.Release|Any CPU.ActiveCfg = Release|Any CPU
		{7E5AA1B4-0075-42A4-A55F-451D542AC8D7}.Release|Any CPU.Build.0 = Release|Any CPU
		{DCB26922-E3B4-4411-B97A-6677AB931630}.Debug|Any CPU.ActiveCfg = Debug|Any CPU
		{DCB26922-E3B4-4411-B97A-6677AB931630}.Debug|Any CPU.Build.0 = Debug|Any CPU
		{DCB26922-E3B4-4411-B97A-6677AB931630}.Release|Any CPU.ActiveCfg = Release|Any CPU
		{DCB26922-E3B4-4411-B97A-6677AB931630}.Release|Any CPU.Build.0 = Release|Any CPU
		{5AEC9028-783F-49E7-BF52-70E164788ECD}.Debug|Any CPU.ActiveCfg = Debug|Any CPU
		{5AEC9028-783F-49E7-BF52-70E164788ECD}.Debug|Any CPU.Build.0 = Debug|Any CPU
		{5AEC9028-783F-49E7-BF52-70E164788ECD}.Release|Any CPU.ActiveCfg = Release|Any CPU
		{5AEC9028-783F-49E7-BF52-70E164788ECD}.Release|Any CPU.Build.0 = Release|Any CPU
		{09809087-A398-493D-9096-3C2A5F9E9C00}.Debug|Any CPU.ActiveCfg = Debug|Any CPU
		{09809087-A398-493D-9096-3C2A5F9E9C00}.Debug|Any CPU.Build.0 = Debug|Any CPU
		{09809087-A398-493D-9096-3C2A5F9E9C00}.Release|Any CPU.ActiveCfg = Release|Any CPU
		{09809087-A398-493D-9096-3C2A5F9E9C00}.Release|Any CPU.Build.0 = Release|Any CPU
	EndGlobalSection
	GlobalSection(NestedProjects) = preSolution
		{7E5AA1B4-0075-42A4-A55F-451D542AC8D7} = {7883ACAA-F04F-45E0-90F4-D5BDF63FD7FD}
		{DCB26922-E3B4-4411-B97A-6677AB931630} = {18577ED1-E2B4-4E9D-B582-C596F5AFE9B6}
		{5AEC9028-783F-49E7-BF52-70E164788ECD} = {7883ACAA-F04F-45E0-90F4-D5BDF63FD7FD}
		{09809087-A398-493D-9096-3C2A5F9E9C00} = {7883ACAA-F04F-45E0-90F4-D5BDF63FD7FD}
	EndGlobalSection
EndGlobal
