
Microsoft Visual Studio Solution File, Format Version 12.00
# Visual Studio Version 17
VisualStudioVersion = 17.0.31903.59
MinimumVisualStudioVersion = 10.0.40219.1
Project("{FAE04EC0-301F-11D3-BF4B-00C04F79EFBC}") = "FurAniJoGa.WebHost.MessagesAPI", "FurAniJoGa.WebHost.MessagesAPI\FurAniJoGa.WebHost.MessagesAPI.csproj", "{ED83527F-6449-4541-96D5-6CCA3604FF9F}"
EndProject
Project("{FAE04EC0-301F-11D3-BF4B-00C04F79EFBC}") = "FurAniJoGa.Infrastructure", "FurAniJoGa.Infrastructure\FurAniJoGa.Infrastructure.csproj", "{3509B555-E8AF-4463-B037-7BF7036CD724}"
EndProject
Project("{FAE04EC0-301F-11D3-BF4B-00C04F79EFBC}") = "FurAniJoGa.Domain", "FurAniJoGa.Domain\FurAniJoGa.Domain.csproj", "{AB6A7CE3-DD6A-4496-A01B-0DDE199627F6}"
EndProject
Project("{FAE04EC0-301F-11D3-BF4B-00C04F79EFBC}") = "FurAniJoGa.WebHost.MessagesAPI.RabbitMqListener", "FurAniJoGa.WebHost.MessagesAPI.RabbitMqListener\FurAniJoGa.WebHost.MessagesAPI.RabbitMqListener.csproj", "{7E4C1CF5-8F7C-42B2-8B6B-2C63E5470D0F}"
EndProject
Project("{FAE04EC0-301F-11D3-BF4B-00C04F79EFBC}") = "FurAniJoGa.RabbitMq.Contracts", "FurAniJoGa.RabbitMq.Contracts\FurAniJoGa.RabbitMq.Contracts.csproj", "{A44E8E5E-4A81-4D23-BBF2-11A32D614610}"
EndProject
Project("{FAE04EC0-301F-11D3-BF4B-00C04F79EFBC}") = "FurAniJoGa.WebHost.FileAPI", "FurAniJoGa.WebHost.FileAPI\FurAniJoGa.WebHost.FileAPI.csproj", "{E138FFF1-2E09-4DDB-9851-82906644A9D8}"
EndProject
Project("{2150E333-8FDC-42A3-9474-1A3956D46DE8}") = "FileAPI", "FileAPI", "{2E0FABFF-3F06-4BCA-A00A-91830BD34C4F}"
EndProject
Project("{2150E333-8FDC-42A3-9474-1A3956D46DE8}") = "MessagesAPI", "MessagesAPI", "{D2E09D2F-7604-4CF0-A330-BFC2D64B0556}"
EndProject
Project("{FAE04EC0-301F-11D3-BF4B-00C04F79EFBC}") = "FurAniJoGa.WebHost.FileAPI.MetadataUpdater", "FurAniJoGa.WebHost.FileAPI.MetadataUpdater\FurAniJoGa.WebHost.FileAPI.MetadataUpdater.csproj", "{9B7D4F17-74B9-4706-855E-51776AF31812}"
EndProject
Project("{FAE04EC0-301F-11D3-BF4B-00C04F79EFBC}") = "FurAniJoGa.FileAPI.Abstractions", "FurAniJoGa.FileAPI.Abstractions\FurAniJoGa.FileAPI.Abstractions.csproj", "{10681091-374D-4A68-A291-4E09F80B60F9}"
EndProject
Project("{FAE04EC0-301F-11D3-BF4B-00C04F79EFBC}") = "FurAniJoGa.FileAPI.Utility", "FurAniJoGa.FileAPI.Utility\FurAniJoGa.FileAPI.Utility.csproj", "{74268B61-50CE-4535-B6E9-67D1349B905E}"
EndProject
Global
	GlobalSection(SolutionConfigurationPlatforms) = preSolution
		Debug|Any CPU = Debug|Any CPU
		Release|Any CPU = Release|Any CPU
	EndGlobalSection
	GlobalSection(SolutionProperties) = preSolution
		HideSolutionNode = FALSE
	EndGlobalSection
	GlobalSection(ProjectConfigurationPlatforms) = postSolution
		{ED83527F-6449-4541-96D5-6CCA3604FF9F}.Debug|Any CPU.ActiveCfg = Debug|Any CPU
		{ED83527F-6449-4541-96D5-6CCA3604FF9F}.Debug|Any CPU.Build.0 = Debug|Any CPU
		{ED83527F-6449-4541-96D5-6CCA3604FF9F}.Release|Any CPU.ActiveCfg = Release|Any CPU
		{ED83527F-6449-4541-96D5-6CCA3604FF9F}.Release|Any CPU.Build.0 = Release|Any CPU
		{3509B555-E8AF-4463-B037-7BF7036CD724}.Debug|Any CPU.ActiveCfg = Debug|Any CPU
		{3509B555-E8AF-4463-B037-7BF7036CD724}.Debug|Any CPU.Build.0 = Debug|Any CPU
		{3509B555-E8AF-4463-B037-7BF7036CD724}.Release|Any CPU.ActiveCfg = Release|Any CPU
		{3509B555-E8AF-4463-B037-7BF7036CD724}.Release|Any CPU.Build.0 = Release|Any CPU
		{AB6A7CE3-DD6A-4496-A01B-0DDE199627F6}.Debug|Any CPU.ActiveCfg = Debug|Any CPU
		{AB6A7CE3-DD6A-4496-A01B-0DDE199627F6}.Debug|Any CPU.Build.0 = Debug|Any CPU
		{AB6A7CE3-DD6A-4496-A01B-0DDE199627F6}.Release|Any CPU.ActiveCfg = Release|Any CPU
		{AB6A7CE3-DD6A-4496-A01B-0DDE199627F6}.Release|Any CPU.Build.0 = Release|Any CPU
		{7E4C1CF5-8F7C-42B2-8B6B-2C63E5470D0F}.Debug|Any CPU.ActiveCfg = Debug|Any CPU
		{7E4C1CF5-8F7C-42B2-8B6B-2C63E5470D0F}.Debug|Any CPU.Build.0 = Debug|Any CPU
		{7E4C1CF5-8F7C-42B2-8B6B-2C63E5470D0F}.Release|Any CPU.ActiveCfg = Release|Any CPU
		{7E4C1CF5-8F7C-42B2-8B6B-2C63E5470D0F}.Release|Any CPU.Build.0 = Release|Any CPU
		{A44E8E5E-4A81-4D23-BBF2-11A32D614610}.Debug|Any CPU.ActiveCfg = Debug|Any CPU
		{A44E8E5E-4A81-4D23-BBF2-11A32D614610}.Debug|Any CPU.Build.0 = Debug|Any CPU
		{A44E8E5E-4A81-4D23-BBF2-11A32D614610}.Release|Any CPU.ActiveCfg = Release|Any CPU
		{A44E8E5E-4A81-4D23-BBF2-11A32D614610}.Release|Any CPU.Build.0 = Release|Any CPU
		{E138FFF1-2E09-4DDB-9851-82906644A9D8}.Debug|Any CPU.ActiveCfg = Debug|Any CPU
		{E138FFF1-2E09-4DDB-9851-82906644A9D8}.Debug|Any CPU.Build.0 = Debug|Any CPU
		{E138FFF1-2E09-4DDB-9851-82906644A9D8}.Release|Any CPU.ActiveCfg = Release|Any CPU
		{E138FFF1-2E09-4DDB-9851-82906644A9D8}.Release|Any CPU.Build.0 = Release|Any CPU
		{9B7D4F17-74B9-4706-855E-51776AF31812}.Debug|Any CPU.ActiveCfg = Debug|Any CPU
		{9B7D4F17-74B9-4706-855E-51776AF31812}.Debug|Any CPU.Build.0 = Debug|Any CPU
		{9B7D4F17-74B9-4706-855E-51776AF31812}.Release|Any CPU.ActiveCfg = Release|Any CPU
		{9B7D4F17-74B9-4706-855E-51776AF31812}.Release|Any CPU.Build.0 = Release|Any CPU
		{10681091-374D-4A68-A291-4E09F80B60F9}.Debug|Any CPU.ActiveCfg = Debug|Any CPU
		{10681091-374D-4A68-A291-4E09F80B60F9}.Debug|Any CPU.Build.0 = Debug|Any CPU
		{10681091-374D-4A68-A291-4E09F80B60F9}.Release|Any CPU.ActiveCfg = Release|Any CPU
		{10681091-374D-4A68-A291-4E09F80B60F9}.Release|Any CPU.Build.0 = Release|Any CPU
		{74268B61-50CE-4535-B6E9-67D1349B905E}.Debug|Any CPU.ActiveCfg = Debug|Any CPU
		{74268B61-50CE-4535-B6E9-67D1349B905E}.Debug|Any CPU.Build.0 = Debug|Any CPU
		{74268B61-50CE-4535-B6E9-67D1349B905E}.Release|Any CPU.ActiveCfg = Release|Any CPU
		{74268B61-50CE-4535-B6E9-67D1349B905E}.Release|Any CPU.Build.0 = Release|Any CPU
	EndGlobalSection
	GlobalSection(NestedProjects) = preSolution
		{E138FFF1-2E09-4DDB-9851-82906644A9D8} = {2E0FABFF-3F06-4BCA-A00A-91830BD34C4F}
		{ED83527F-6449-4541-96D5-6CCA3604FF9F} = {D2E09D2F-7604-4CF0-A330-BFC2D64B0556}
		{7E4C1CF5-8F7C-42B2-8B6B-2C63E5470D0F} = {D2E09D2F-7604-4CF0-A330-BFC2D64B0556}
		{9B7D4F17-74B9-4706-855E-51776AF31812} = {2E0FABFF-3F06-4BCA-A00A-91830BD34C4F}
		{10681091-374D-4A68-A291-4E09F80B60F9} = {2E0FABFF-3F06-4BCA-A00A-91830BD34C4F}
		{74268B61-50CE-4535-B6E9-67D1349B905E} = {2E0FABFF-3F06-4BCA-A00A-91830BD34C4F}
	EndGlobalSection
EndGlobal
