
Microsoft Visual Studio Solution File, Format Version 12.00
# Visual Studio Version 17
VisualStudioVersion = 17.0.31903.59
MinimumVisualStudioVersion = 10.0.40219.1
Project("{FAE04EC0-301F-11D3-BF4B-00C04F79EFBC}") = "FurAniJoGa.MessagesAPI", "FurAniJoGa.MessagesAPI\FurAniJoGa.MessagesAPI.csproj", "{ED83527F-6449-4541-96D5-6CCA3604FF9F}"
EndProject
Project("{FAE04EC0-301F-11D3-BF4B-00C04F79EFBC}") = "FurAniJoGa.Infrastructure", "FurAniJoGa.Infrastructure\FurAniJoGa.Infrastructure.csproj", "{3509B555-E8AF-4463-B037-7BF7036CD724}"
EndProject
Project("{FAE04EC0-301F-11D3-BF4B-00C04F79EFBC}") = "FurAniJoGa.Domain", "FurAniJoGa.Domain\FurAniJoGa.Domain.csproj", "{AB6A7CE3-DD6A-4496-A01B-0DDE199627F6}"
EndProject
Project("{FAE04EC0-301F-11D3-BF4B-00C04F79EFBC}") = "FurAniJoGa.WebHost.RabbitMqListener", "FurAniJoGa.WebHost.RabbitMqListener\FurAniJoGa.WebHost.RabbitMqListener.csproj", "{7E4C1CF5-8F7C-42B2-8B6B-2C63E5470D0F}"
EndProject
Project("{FAE04EC0-301F-11D3-BF4B-00C04F79EFBC}") = "FurAniJoGa.RabbitMq.Contracts", "FurAniJoGa.RabbitMq.Contracts\FurAniJoGa.RabbitMq.Contracts.csproj", "{A44E8E5E-4A81-4D23-BBF2-11A32D614610}"
EndProject
Global
	GlobalSection(SolutionConfigurationPlatforms) = preSolution
		Debug|Any CPU = Debug|Any CPU
		Release|Any CPU = Release|Any CPU
	EndGlobalSection
	GlobalSection(SolutionProperties) = preSolution
		HideSolutionNode = FALSE
	EndGlobalSection
	GlobalSection(ProjectConfigurationPlatforms) = postSolution
		{ED83527F-6449-4541-96D5-6CCA3604FF9F}.Debug|Any CPU.ActiveCfg = Debug|Any CPU
		{ED83527F-6449-4541-96D5-6CCA3604FF9F}.Debug|Any CPU.Build.0 = Debug|Any CPU
		{ED83527F-6449-4541-96D5-6CCA3604FF9F}.Release|Any CPU.ActiveCfg = Release|Any CPU
		{ED83527F-6449-4541-96D5-6CCA3604FF9F}.Release|Any CPU.Build.0 = Release|Any CPU
		{3509B555-E8AF-4463-B037-7BF7036CD724}.Debug|Any CPU.ActiveCfg = Debug|Any CPU
		{3509B555-E8AF-4463-B037-7BF7036CD724}.Debug|Any CPU.Build.0 = Debug|Any CPU
		{3509B555-E8AF-4463-B037-7BF7036CD724}.Release|Any CPU.ActiveCfg = Release|Any CPU
		{3509B555-E8AF-4463-B037-7BF7036CD724}.Release|Any CPU.Build.0 = Release|Any CPU
		{AB6A7CE3-DD6A-4496-A01B-0DDE199627F6}.Debug|Any CPU.ActiveCfg = Debug|Any CPU
		{AB6A7CE3-DD6A-4496-A01B-0DDE199627F6}.Debug|Any CPU.Build.0 = Debug|Any CPU
		{AB6A7CE3-DD6A-4496-A01B-0DDE199627F6}.Release|Any CPU.ActiveCfg = Release|Any CPU
		{AB6A7CE3-DD6A-4496-A01B-0DDE199627F6}.Release|Any CPU.Build.0 = Release|Any CPU
		{7E4C1CF5-8F7C-42B2-8B6B-2C63E5470D0F}.Debug|Any CPU.ActiveCfg = Debug|Any CPU
		{7E4C1CF5-8F7C-42B2-8B6B-2C63E5470D0F}.Debug|Any CPU.Build.0 = Debug|Any CPU
		{7E4C1CF5-8F7C-42B2-8B6B-2C63E5470D0F}.Release|Any CPU.ActiveCfg = Release|Any CPU
		{7E4C1CF5-8F7C-42B2-8B6B-2C63E5470D0F}.Release|Any CPU.Build.0 = Release|Any CPU
		{A44E8E5E-4A81-4D23-BBF2-11A32D614610}.Debug|Any CPU.ActiveCfg = Debug|Any CPU
		{A44E8E5E-4A81-4D23-BBF2-11A32D614610}.Debug|Any CPU.Build.0 = Debug|Any CPU
		{A44E8E5E-4A81-4D23-BBF2-11A32D614610}.Release|Any CPU.ActiveCfg = Release|Any CPU
		{A44E8E5E-4A81-4D23-BBF2-11A32D614610}.Release|Any CPU.Build.0 = Release|Any CPU
	EndGlobalSection
EndGlobal
