
Microsoft Visual Studio Solution File, Format Version 12.00
# Visual Studio Version 17
VisualStudioVersion = 17.0.31903.59
MinimumVisualStudioVersion = 10.0.40219.1
Project("{FAE04EC0-301F-11D3-BF4B-00C04F79EFBC}") = "GrpcChat.Auth.Web", "GrpcChat.Auth.Web\GrpcChat.Auth.Web.csproj", "{9DB4506C-927C-48AE-807E-559A5D9A0110}"
EndProject
Project("{FAE04EC0-301F-11D3-BF4B-00C04F79EFBC}") = "GrpcChat.Domain", "GrpcChat.Domain\GrpcChat.Domain.csproj", "{E0CC1B95-2D1D-4B51-A234-1253B0FD6EBE}"
EndProject
Project("{FAE04EC0-301F-11D3-BF4B-00C04F79EFBC}") = "GrpcChat.Database", "GrpcChat.Database\GrpcChat.Database.csproj", "{11B8CEC4-EF85-4838-94ED-FD5DBC7B9F1F}"
EndProject
Project("{2150E333-8FDC-42A3-9474-1A3956D46DE8}") = "GrpcChat.Jwt", "GrpcChat.Jwt", "{3B5395E0-347E-427A-8500-2FFCFCD6EC09}"
EndProject
Project("{FAE04EC0-301F-11D3-BF4B-00C04F79EFBC}") = "GrpcChat.TokenGenerator", "GrpcChat.TokenGenerator\GrpcChat.TokenGenerator.csproj", "{4BCB6608-DC4C-439A-A472-8DCFD6BDD0C3}"
EndProject
Project("{FAE04EC0-301F-11D3-BF4B-00C04F79EFBC}") = "GrpcChat.TokenGenerator.Jwt", "GrpcChat.TokenGenerator.Jwt\GrpcChat.TokenGenerator.Jwt.csproj", "{2A13EB04-0917-4940-9A6B-32757AA9B9C2}"
EndProject
Project("{2150E333-8FDC-42A3-9474-1A3956D46DE8}") = "src", "src", "{D153576E-A90D-4A5F-85B9-28878A2C25BB}"
EndProject
Project("{FAE04EC0-301F-11D3-BF4B-00C04F79EFBC}") = "GrpcChat.Chat.Web", "GrpcChat.Chat.Web\GrpcChat.Chat.Web.csproj", "{FAE47CD5-1B95-45C2-810F-7FF451DA63CB}"
EndProject
Project("{2150E333-8FDC-42A3-9474-1A3956D46DE8}") = "GrpcChat.ChatService", "GrpcChat.ChatService", "{8A3A406B-3DC8-4BCC-BC81-86D39267827F}"
EndProject
Project("{FAE04EC0-301F-11D3-BF4B-00C04F79EFBC}") = "GrpcChat.ChatService", "GrpcChat.ChatService\GrpcChat.ChatService.csproj", "{79C9C362-F1B7-4F64-AE1B-64F336827186}"
EndProject
Global
	GlobalSection(SolutionConfigurationPlatforms) = preSolution
		Debug|Any CPU = Debug|Any CPU
		Release|Any CPU = Release|Any CPU
	EndGlobalSection
	GlobalSection(SolutionProperties) = preSolution
		HideSolutionNode = FALSE
	EndGlobalSection
	GlobalSection(ProjectConfigurationPlatforms) = postSolution
		{9DB4506C-927C-48AE-807E-559A5D9A0110}.Debug|Any CPU.ActiveCfg = Debug|Any CPU
		{9DB4506C-927C-48AE-807E-559A5D9A0110}.Debug|Any CPU.Build.0 = Debug|Any CPU
		{9DB4506C-927C-48AE-807E-559A5D9A0110}.Release|Any CPU.ActiveCfg = Release|Any CPU
		{9DB4506C-927C-48AE-807E-559A5D9A0110}.Release|Any CPU.Build.0 = Release|Any CPU
		{E0CC1B95-2D1D-4B51-A234-1253B0FD6EBE}.Debug|Any CPU.ActiveCfg = Debug|Any CPU
		{E0CC1B95-2D1D-4B51-A234-1253B0FD6EBE}.Debug|Any CPU.Build.0 = Debug|Any CPU
		{E0CC1B95-2D1D-4B51-A234-1253B0FD6EBE}.Release|Any CPU.ActiveCfg = Release|Any CPU
		{E0CC1B95-2D1D-4B51-A234-1253B0FD6EBE}.Release|Any CPU.Build.0 = Release|Any CPU
		{11B8CEC4-EF85-4838-94ED-FD5DBC7B9F1F}.Debug|Any CPU.ActiveCfg = Debug|Any CPU
		{11B8CEC4-EF85-4838-94ED-FD5DBC7B9F1F}.Debug|Any CPU.Build.0 = Debug|Any CPU
		{11B8CEC4-EF85-4838-94ED-FD5DBC7B9F1F}.Release|Any CPU.ActiveCfg = Release|Any CPU
		{11B8CEC4-EF85-4838-94ED-FD5DBC7B9F1F}.Release|Any CPU.Build.0 = Release|Any CPU
		{4BCB6608-DC4C-439A-A472-8DCFD6BDD0C3}.Debug|Any CPU.ActiveCfg = Debug|Any CPU
		{4BCB6608-DC4C-439A-A472-8DCFD6BDD0C3}.Debug|Any CPU.Build.0 = Debug|Any CPU
		{4BCB6608-DC4C-439A-A472-8DCFD6BDD0C3}.Release|Any CPU.ActiveCfg = Release|Any CPU
		{4BCB6608-DC4C-439A-A472-8DCFD6BDD0C3}.Release|Any CPU.Build.0 = Release|Any CPU
		{2A13EB04-0917-4940-9A6B-32757AA9B9C2}.Debug|Any CPU.ActiveCfg = Debug|Any CPU
		{2A13EB04-0917-4940-9A6B-32757AA9B9C2}.Debug|Any CPU.Build.0 = Debug|Any CPU
		{2A13EB04-0917-4940-9A6B-32757AA9B9C2}.Release|Any CPU.ActiveCfg = Release|Any CPU
		{2A13EB04-0917-4940-9A6B-32757AA9B9C2}.Release|Any CPU.Build.0 = Release|Any CPU
		{FAE47CD5-1B95-45C2-810F-7FF451DA63CB}.Debug|Any CPU.ActiveCfg = Debug|Any CPU
		{FAE47CD5-1B95-45C2-810F-7FF451DA63CB}.Debug|Any CPU.Build.0 = Debug|Any CPU
		{FAE47CD5-1B95-45C2-810F-7FF451DA63CB}.Release|Any CPU.ActiveCfg = Release|Any CPU
		{FAE47CD5-1B95-45C2-810F-7FF451DA63CB}.Release|Any CPU.Build.0 = Release|Any CPU
		{79C9C362-F1B7-4F64-AE1B-64F336827186}.Debug|Any CPU.ActiveCfg = Debug|Any CPU
		{79C9C362-F1B7-4F64-AE1B-64F336827186}.Debug|Any CPU.Build.0 = Debug|Any CPU
		{79C9C362-F1B7-4F64-AE1B-64F336827186}.Release|Any CPU.ActiveCfg = Release|Any CPU
		{79C9C362-F1B7-4F64-AE1B-64F336827186}.Release|Any CPU.Build.0 = Release|Any CPU
	EndGlobalSection
	GlobalSection(NestedProjects) = preSolution
		{4BCB6608-DC4C-439A-A472-8DCFD6BDD0C3} = {3B5395E0-347E-427A-8500-2FFCFCD6EC09}
		{2A13EB04-0917-4940-9A6B-32757AA9B9C2} = {3B5395E0-347E-427A-8500-2FFCFCD6EC09}
		{3B5395E0-347E-427A-8500-2FFCFCD6EC09} = {D153576E-A90D-4A5F-85B9-28878A2C25BB}
		{11B8CEC4-EF85-4838-94ED-FD5DBC7B9F1F} = {D153576E-A90D-4A5F-85B9-28878A2C25BB}
		{E0CC1B95-2D1D-4B51-A234-1253B0FD6EBE} = {D153576E-A90D-4A5F-85B9-28878A2C25BB}
		{9DB4506C-927C-48AE-807E-559A5D9A0110} = {D153576E-A90D-4A5F-85B9-28878A2C25BB}
		{FAE47CD5-1B95-45C2-810F-7FF451DA63CB} = {D153576E-A90D-4A5F-85B9-28878A2C25BB}
		{8A3A406B-3DC8-4BCC-BC81-86D39267827F} = {D153576E-A90D-4A5F-85B9-28878A2C25BB}
		{79C9C362-F1B7-4F64-AE1B-64F336827186} = {8A3A406B-3DC8-4BCC-BC81-86D39267827F}
	EndGlobalSection
EndGlobal
