
Microsoft Visual Studio Solution File, Format Version 12.00
Project("{FAE04EC0-301F-11D3-BF4B-00C04F79EFBC}") = "HW1", "HW1\HW1.csproj", "{B2101481-84BB-4EBC-A2B6-25F2B4967D53}"
EndProject
Project("{FAE04EC0-301F-11D3-BF4B-00C04F79EFBC}") = "HW1.Tests", "HW1.Tests\HW1.Tests.csproj", "{2EA3A3BB-C8A6-49F7-A6DC-B52DF60DF6D8}"
EndProject
Project("{2150E333-8FDC-42A3-9474-1A3956D46DE8}") = "HW1", "HW1", "{B706DB53-7E67-47A3-B852-B1EC374352D2}"
EndProject
Global
	GlobalSection(SolutionConfigurationPlatforms) = preSolution
		Debug|Any CPU = Debug|Any CPU
		Release|Any CPU = Release|Any CPU
	EndGlobalSection
	GlobalSection(ProjectConfigurationPlatforms) = postSolution
		{B2101481-84BB-4EBC-A2B6-25F2B4967D53}.Debug|Any CPU.ActiveCfg = Debug|Any CPU
		{B2101481-84BB-4EBC-A2B6-25F2B4967D53}.Debug|Any CPU.Build.0 = Debug|Any CPU
		{B2101481-84BB-4EBC-A2B6-25F2B4967D53}.Release|Any CPU.ActiveCfg = Release|Any CPU
		{B2101481-84BB-4EBC-A2B6-25F2B4967D53}.Release|Any CPU.Build.0 = Release|Any CPU
		{2EA3A3BB-C8A6-49F7-A6DC-B52DF60DF6D8}.Debug|Any CPU.ActiveCfg = Debug|Any CPU
		{2EA3A3BB-C8A6-49F7-A6DC-B52DF60DF6D8}.Debug|Any CPU.Build.0 = Debug|Any CPU
		{2EA3A3BB-C8A6-49F7-A6DC-B52DF60DF6D8}.Release|Any CPU.ActiveCfg = Release|Any CPU
		{2EA3A3BB-C8A6-49F7-A6DC-B52DF60DF6D8}.Release|Any CPU.Build.0 = Release|Any CPU
	EndGlobalSection
	GlobalSection(NestedProjects) = preSolution
		{B2101481-84BB-4EBC-A2B6-25F2B4967D53} = {B706DB53-7E67-47A3-B852-B1EC374352D2}
		{2EA3A3BB-C8A6-49F7-A6DC-B52DF60DF6D8} = {B706DB53-7E67-47A3-B852-B1EC374352D2}
	EndGlobalSection
EndGlobal
