
Microsoft Visual Studio Solution File, Format Version 12.00
# Visual Studio Version 17
VisualStudioVersion = 17.1.32210.238
MinimumVisualStudioVersion = 10.0.40219.1
Project("{2150E333-8FDC-42A3-9474-1A3956D46DE8}") = "CollectIt.MVC", "CollectIt.MVC", "{DC116A32-10E3-402C-8601-7CA57F3F3C90}"
EndProject
Project("{FAE04EC0-301F-11D3-BF4B-00C04F79EFBC}") = "CollectIt.MVC.Infrastructure", "CollectIt.MVC\CollectIt.MVC.Infrastructure\CollectIt.MVC.Infrastructure.csproj", "{98F97BB5-D789-4C68-A1BD-42F3258D820D}"
EndProject
Project("{FAE04EC0-301F-11D3-BF4B-00C04F79EFBC}") = "CollectIt.MVC.Abstractions", "CollectIt.MVC\CollectIt.MVC.Abstractions\CollectIt.MVC.Abstractions.csproj", "{EAC17007-E398-4677-9A73-BA79955F7FE5}"
EndProject
Project("{FAE04EC0-301F-11D3-BF4B-00C04F79EFBC}") = "CollectIt.MVC.Entities", "CollectIt.MVC\CollectIt.MVC.Entities\CollectIt.MVC.Entities.csproj", "{4E3C4D23-B679-4EC8-BC75-6339A7E7F8E5}"
EndProject
Project("{FAE04EC0-301F-11D3-BF4B-00C04F79EFBC}") = "CollectIt.MVC.View", "CollectIt.MVC\CollectIt.MVC.View\CollectIt.MVC.View.csproj", "{CDF73A03-A1F9-4805-AD93-B5908AB32118}"
EndProject
Project("{FAE04EC0-301F-11D3-BF4B-00C04F79EFBC}") = "CollectIt.Database.Entities", "CollectIt.Database\CollectIt.Database.Entities\CollectIt.Database.Entities.csproj", "{A66348AB-28CD-44A4-8D7A-A8F8E5EADFE2}"
EndProject
Project("{2150E333-8FDC-42A3-9474-1A3956D46DE8}") = "CollectIt.Database", "CollectIt.Database", "{EBA69F07-EBB5-414D-8296-DBE381D26546}"
EndProject
Project("{FAE04EC0-301F-11D3-BF4B-00C04F79EFBC}") = "CollectIt.Database.Abstractions", "CollectIt.Database\CollectIt.Database.Abstractions\CollectIt.Database.Abstractions.csproj", "{946B3269-7359-4934-A9CB-57A4BF525B07}"
EndProject
Project("{FAE04EC0-301F-11D3-BF4B-00C04F79EFBC}") = "CollectIt.Database.Infrastructure", "CollectIt.Database\CollectIt.Database.Infrastructure\CollectIt.Database.Infrastructure.csproj", "{D0A140AC-729B-45A5-B2E9-0C53114DC74C}"
EndProject
Project("{2150E333-8FDC-42A3-9474-1A3956D46DE8}") = "CollectIt.API", "CollectIt.API", "{027C935A-1968-4A10-B94D-1325C344DC2F}"
EndProject
Project("{F2A71F9B-5D33-465A-A702-920D77279786}") = "CollectIt.API.DTO", "CollectIt.API\CollectIt.API.DTO\CollectIt.API.DTO.fsproj", "{4CFA9D5F-0515-41C3-A605-AB14F5833161}"
EndProject
Project("{F2A71F9B-5D33-465A-A702-920D77279786}") = "CollectIt.API.DTO.Mappers", "CollectIt.API\CollectIt.API.DTO.Mappers\CollectIt.API.DTO.Mappers.fsproj", "{D0353937-6F4A-45F8-A442-4E31144CAF23}"
EndProject
Project("{FAE04EC0-301F-11D3-BF4B-00C04F79EFBC}") = "CollectIt.API.WebAPI", "CollectIt.API\CollectIt.API.WebAPI\CollectIt.API.WebAPI.csproj", "{1965878C-A608-4315-959F-90D4BAC62137}"
EndProject
Project("{F2A71F9B-5D33-465A-A702-920D77279786}") = "CollectIt.API.Tests.Integration.FSharp", "CollectIt.API\CollectIt.API.Tests.Integration.FSharp\CollectIt.API.Tests.Integration.FSharp.fsproj", "{86D18128-6094-4D6B-A0B9-472F7A316704}"
EndProject
Global
	GlobalSection(SolutionConfigurationPlatforms) = preSolution
		Debug|Any CPU = Debug|Any CPU
		Release|Any CPU = Release|Any CPU
	EndGlobalSection
	GlobalSection(ProjectConfigurationPlatforms) = postSolution
		{98F97BB5-D789-4C68-A1BD-42F3258D820D}.Debug|Any CPU.ActiveCfg = Debug|Any CPU
		{98F97BB5-D789-4C68-A1BD-42F3258D820D}.Debug|Any CPU.Build.0 = Debug|Any CPU
		{98F97BB5-D789-4C68-A1BD-42F3258D820D}.Release|Any CPU.ActiveCfg = Release|Any CPU
		{98F97BB5-D789-4C68-A1BD-42F3258D820D}.Release|Any CPU.Build.0 = Release|Any CPU
		{EAC17007-E398-4677-9A73-BA79955F7FE5}.Debug|Any CPU.ActiveCfg = Debug|Any CPU
		{EAC17007-E398-4677-9A73-BA79955F7FE5}.Debug|Any CPU.Build.0 = Debug|Any CPU
		{EAC17007-E398-4677-9A73-BA79955F7FE5}.Release|Any CPU.ActiveCfg = Release|Any CPU
		{EAC17007-E398-4677-9A73-BA79955F7FE5}.Release|Any CPU.Build.0 = Release|Any CPU
		{4E3C4D23-B679-4EC8-BC75-6339A7E7F8E5}.Debug|Any CPU.ActiveCfg = Debug|Any CPU
		{4E3C4D23-B679-4EC8-BC75-6339A7E7F8E5}.Debug|Any CPU.Build.0 = Debug|Any CPU
		{4E3C4D23-B679-4EC8-BC75-6339A7E7F8E5}.Release|Any CPU.ActiveCfg = Release|Any CPU
		{4E3C4D23-B679-4EC8-BC75-6339A7E7F8E5}.Release|Any CPU.Build.0 = Release|Any CPU
		{CDF73A03-A1F9-4805-AD93-B5908AB32118}.Debug|Any CPU.ActiveCfg = Debug|Any CPU
		{CDF73A03-A1F9-4805-AD93-B5908AB32118}.Debug|Any CPU.Build.0 = Debug|Any CPU
		{CDF73A03-A1F9-4805-AD93-B5908AB32118}.Release|Any CPU.ActiveCfg = Release|Any CPU
		{CDF73A03-A1F9-4805-AD93-B5908AB32118}.Release|Any CPU.Build.0 = Release|Any CPU
		{A66348AB-28CD-44A4-8D7A-A8F8E5EADFE2}.Debug|Any CPU.ActiveCfg = Debug|Any CPU
		{A66348AB-28CD-44A4-8D7A-A8F8E5EADFE2}.Debug|Any CPU.Build.0 = Debug|Any CPU
		{A66348AB-28CD-44A4-8D7A-A8F8E5EADFE2}.Release|Any CPU.ActiveCfg = Release|Any CPU
		{A66348AB-28CD-44A4-8D7A-A8F8E5EADFE2}.Release|Any CPU.Build.0 = Release|Any CPU
		{946B3269-7359-4934-A9CB-57A4BF525B07}.Debug|Any CPU.ActiveCfg = Debug|Any CPU
		{946B3269-7359-4934-A9CB-57A4BF525B07}.Debug|Any CPU.Build.0 = Debug|Any CPU
		{946B3269-7359-4934-A9CB-57A4BF525B07}.Release|Any CPU.ActiveCfg = Release|Any CPU
		{946B3269-7359-4934-A9CB-57A4BF525B07}.Release|Any CPU.Build.0 = Release|Any CPU
		{D0A140AC-729B-45A5-B2E9-0C53114DC74C}.Debug|Any CPU.ActiveCfg = Debug|Any CPU
		{D0A140AC-729B-45A5-B2E9-0C53114DC74C}.Debug|Any CPU.Build.0 = Debug|Any CPU
		{D0A140AC-729B-45A5-B2E9-0C53114DC74C}.Release|Any CPU.ActiveCfg = Release|Any CPU
		{D0A140AC-729B-45A5-B2E9-0C53114DC74C}.Release|Any CPU.Build.0 = Release|Any CPU
		{4CFA9D5F-0515-41C3-A605-AB14F5833161}.Debug|Any CPU.ActiveCfg = Debug|Any CPU
		{4CFA9D5F-0515-41C3-A605-AB14F5833161}.Debug|Any CPU.Build.0 = Debug|Any CPU
		{4CFA9D5F-0515-41C3-A605-AB14F5833161}.Release|Any CPU.ActiveCfg = Release|Any CPU
		{4CFA9D5F-0515-41C3-A605-AB14F5833161}.Release|Any CPU.Build.0 = Release|Any CPU
		{D0353937-6F4A-45F8-A442-4E31144CAF23}.Debug|Any CPU.ActiveCfg = Debug|Any CPU
		{D0353937-6F4A-45F8-A442-4E31144CAF23}.Debug|Any CPU.Build.0 = Debug|Any CPU
		{D0353937-6F4A-45F8-A442-4E31144CAF23}.Release|Any CPU.ActiveCfg = Release|Any CPU
		{D0353937-6F4A-45F8-A442-4E31144CAF23}.Release|Any CPU.Build.0 = Release|Any CPU
		{1965878C-A608-4315-959F-90D4BAC62137}.Debug|Any CPU.ActiveCfg = Debug|Any CPU
		{1965878C-A608-4315-959F-90D4BAC62137}.Debug|Any CPU.Build.0 = Debug|Any CPU
		{1965878C-A608-4315-959F-90D4BAC62137}.Release|Any CPU.ActiveCfg = Release|Any CPU
		{1965878C-A608-4315-959F-90D4BAC62137}.Release|Any CPU.Build.0 = Release|Any CPU
		{86D18128-6094-4D6B-A0B9-472F7A316704}.Debug|Any CPU.ActiveCfg = Debug|Any CPU
		{86D18128-6094-4D6B-A0B9-472F7A316704}.Debug|Any CPU.Build.0 = Debug|Any CPU
		{86D18128-6094-4D6B-A0B9-472F7A316704}.Release|Any CPU.ActiveCfg = Release|Any CPU
		{86D18128-6094-4D6B-A0B9-472F7A316704}.Release|Any CPU.Build.0 = Release|Any CPU
	EndGlobalSection
	GlobalSection(SolutionProperties) = preSolution
		HideSolutionNode = FALSE
	EndGlobalSection
	GlobalSection(NestedProjects) = preSolution
		{98F97BB5-D789-4C68-A1BD-42F3258D820D} = {DC116A32-10E3-402C-8601-7CA57F3F3C90}
		{EAC17007-E398-4677-9A73-BA79955F7FE5} = {DC116A32-10E3-402C-8601-7CA57F3F3C90}
		{4E3C4D23-B679-4EC8-BC75-6339A7E7F8E5} = {DC116A32-10E3-402C-8601-7CA57F3F3C90}
		{CDF73A03-A1F9-4805-AD93-B5908AB32118} = {DC116A32-10E3-402C-8601-7CA57F3F3C90}
		{A66348AB-28CD-44A4-8D7A-A8F8E5EADFE2} = {EBA69F07-EBB5-414D-8296-DBE381D26546}
		{946B3269-7359-4934-A9CB-57A4BF525B07} = {EBA69F07-EBB5-414D-8296-DBE381D26546}
		{D0A140AC-729B-45A5-B2E9-0C53114DC74C} = {EBA69F07-EBB5-414D-8296-DBE381D26546}
		{4CFA9D5F-0515-41C3-A605-AB14F5833161} = {027C935A-1968-4A10-B94D-1325C344DC2F}
		{D0353937-6F4A-45F8-A442-4E31144CAF23} = {027C935A-1968-4A10-B94D-1325C344DC2F}
		{1965878C-A608-4315-959F-90D4BAC62137} = {027C935A-1968-4A10-B94D-1325C344DC2F}
		{86D18128-6094-4D6B-A0B9-472F7A316704} = {027C935A-1968-4A10-B94D-1325C344DC2F}
	EndGlobalSection
	GlobalSection(ExtensibilityGlobals) = postSolution
		SolutionGuid = {64C656DC-092E-4E17-9225-83A8D6DECE36}
	EndGlobalSection
EndGlobal
